
Microsoft Visual Studio Solution File, Format Version 12.00
# Visual Studio Version 17
VisualStudioVersion = 17.5.33103.201
MinimumVisualStudioVersion = 10.0.40219.1
Project("{9A19103F-16F7-4668-BE54-9A1E7A4F7556}") = "FluentDockerExample", "FluentDockerExample\FluentDockerExample.csproj", "{EEF3922F-704B-4971-8E0D-DD0B0A15A329}"
EndProject
Project("{2150E333-8FDC-42A3-9474-1A3956D46DE8}") = "Tests", "Tests", "{3030868D-03D1-4F2C-B3F8-6C6B0892661A}"
EndProject
Project("{FAE04EC0-301F-11D3-BF4B-00C04F79EFBC}") = "FluentDockerExample.Tests", "Tests\FluentDockerExample.Tests\FluentDockerExample.Tests.csproj", "{92DDBDF1-3B51-4F2D-BC5C-AA6EFB8C7566}"
EndProject
Global
	GlobalSection(SolutionConfigurationPlatforms) = preSolution
		Debug|Any CPU = Debug|Any CPU
		Release|Any CPU = Release|Any CPU
	EndGlobalSection
	GlobalSection(ProjectConfigurationPlatforms) = postSolution
		{EEF3922F-704B-4971-8E0D-DD0B0A15A329}.Debug|Any CPU.ActiveCfg = Debug|Any CPU
		{EEF3922F-704B-4971-8E0D-DD0B0A15A329}.Debug|Any CPU.Build.0 = Debug|Any CPU
		{EEF3922F-704B-4971-8E0D-DD0B0A15A329}.Release|Any CPU.ActiveCfg = Release|Any CPU
		{EEF3922F-704B-4971-8E0D-DD0B0A15A329}.Release|Any CPU.Build.0 = Release|Any CPU
		{92DDBDF1-3B51-4F2D-BC5C-AA6EFB8C7566}.Debug|Any CPU.ActiveCfg = Debug|Any CPU
		{92DDBDF1-3B51-4F2D-BC5C-AA6EFB8C7566}.Debug|Any CPU.Build.0 = Debug|Any CPU
		{92DDBDF1-3B51-4F2D-BC5C-AA6EFB8C7566}.Release|Any CPU.ActiveCfg = Release|Any CPU
		{92DDBDF1-3B51-4F2D-BC5C-AA6EFB8C7566}.Release|Any CPU.Build.0 = Release|Any CPU
	EndGlobalSection
	GlobalSection(SolutionProperties) = preSolution
		HideSolutionNode = FALSE
	EndGlobalSection
	GlobalSection(NestedProjects) = preSolution
		{92DDBDF1-3B51-4F2D-BC5C-AA6EFB8C7566} = {3030868D-03D1-4F2C-B3F8-6C6B0892661A}
	EndGlobalSection
	GlobalSection(ExtensibilityGlobals) = postSolution
		SolutionGuid = {46120D22-AF68-429D-8079-13356DC32C36}
	EndGlobalSection
EndGlobal
